// !$*UTF8*$!
{
	archiveVersion = 1;
	classes = {
	};
	objectVersion = 55;
	objects = {

/* Begin PBXBuildFile section */
		99A8CCF72748A1DE00D6CDA4 /* AppDelegate.swift in Sources */ = {isa = PBXBuildFile; fileRef = 99A8CCF62748A1DE00D6CDA4 /* AppDelegate.swift */; };
		99A8CCF92748A1DE00D6CDA4 /* SceneDelegate.swift in Sources */ = {isa = PBXBuildFile; fileRef = 99A8CCF82748A1DE00D6CDA4 /* SceneDelegate.swift */; };
		99A8CCFB2748A1DE00D6CDA4 /* ViewController.swift in Sources */ = {isa = PBXBuildFile; fileRef = 99A8CCFA2748A1DE00D6CDA4 /* ViewController.swift */; };
		99A8CCFE2748A1DE00D6CDA4 /* Main.storyboard in Resources */ = {isa = PBXBuildFile; fileRef = 99A8CCFC2748A1DE00D6CDA4 /* Main.storyboard */; };
		99A8CD002748A1DF00D6CDA4 /* Assets.xcassets in Resources */ = {isa = PBXBuildFile; fileRef = 99A8CCFF2748A1DF00D6CDA4 /* Assets.xcassets */; };
		99A8CD032748A1DF00D6CDA4 /* LaunchScreen.storyboard in Resources */ = {isa = PBXBuildFile; fileRef = 99A8CD012748A1DF00D6CDA4 /* LaunchScreen.storyboard */; };
		99A8CD0D2748B00E00D6CDA4 /* foodNameTableViewCell.swift in Sources */ = {isa = PBXBuildFile; fileRef = 99A8CD0B2748B00E00D6CDA4 /* foodNameTableViewCell.swift */; };
		99A8CD0E2748B00E00D6CDA4 /* foodNameTableViewCell.xib in Resources */ = {isa = PBXBuildFile; fileRef = 99A8CD0C2748B00E00D6CDA4 /* foodNameTableViewCell.xib */; };
		99A8CD112748B01F00D6CDA4 /* pickUpTableViewCell.swift in Sources */ = {isa = PBXBuildFile; fileRef = 99A8CD0F2748B01F00D6CDA4 /* pickUpTableViewCell.swift */; };
		99A8CD122748B01F00D6CDA4 /* pickUpTableViewCell.xib in Resources */ = {isa = PBXBuildFile; fileRef = 99A8CD102748B01F00D6CDA4 /* pickUpTableViewCell.xib */; };
		99A8CD152748B02D00D6CDA4 /* foodDetailTableViewCell.swift in Sources */ = {isa = PBXBuildFile; fileRef = 99A8CD132748B02D00D6CDA4 /* foodDetailTableViewCell.swift */; };
		99A8CD162748B02D00D6CDA4 /* foodDetailTableViewCell.xib in Resources */ = {isa = PBXBuildFile; fileRef = 99A8CD142748B02D00D6CDA4 /* foodDetailTableViewCell.xib */; };
		99A8CD1A2748B04300D6CDA4 /* moreTableViewCell.swift in Sources */ = {isa = PBXBuildFile; fileRef = 99A8CD182748B04300D6CDA4 /* moreTableViewCell.swift */; };
		99A8CD1B2748B04300D6CDA4 /* moreTableViewCell.xib in Resources */ = {isa = PBXBuildFile; fileRef = 99A8CD192748B04300D6CDA4 /* moreTableViewCell.xib */; };
		99A8CD1E2748B05200D6CDA4 /* totalPriceTableViewCell.swift in Sources */ = {isa = PBXBuildFile; fileRef = 99A8CD1C2748B05200D6CDA4 /* totalPriceTableViewCell.swift */; };
		99A8CD1F2748B05200D6CDA4 /* totalPriceTableViewCell.xib in Resources */ = {isa = PBXBuildFile; fileRef = 99A8CD1D2748B05200D6CDA4 /* totalPriceTableViewCell.xib */; };
		99A8CD222748B5D300D6CDA4 /* contourTableViewCell.swift in Sources */ = {isa = PBXBuildFile; fileRef = 99A8CD202748B5D300D6CDA4 /* contourTableViewCell.swift */; };
		99A8CD232748B5D300D6CDA4 /* contourTableViewCell.xib in Resources */ = {isa = PBXBuildFile; fileRef = 99A8CD212748B5D300D6CDA4 /* contourTableViewCell.xib */; };
/* End PBXBuildFile section */

/* Begin PBXFileReference section */
		99A8CCF32748A1DD00D6CDA4 /* UIWithTableview.app */ = {isa = PBXFileReference; explicitFileType = wrapper.application; includeInIndex = 0; path = UIWithTableview.app; sourceTree = BUILT_PRODUCTS_DIR; };
		99A8CCF62748A1DE00D6CDA4 /* AppDelegate.swift */ = {isa = PBXFileReference; lastKnownFileType = sourcecode.swift; path = AppDelegate.swift; sourceTree = "<group>"; };
		99A8CCF82748A1DE00D6CDA4 /* SceneDelegate.swift */ = {isa = PBXFileReference; lastKnownFileType = sourcecode.swift; path = SceneDelegate.swift; sourceTree = "<group>"; };
		99A8CCFA2748A1DE00D6CDA4 /* ViewController.swift */ = {isa = PBXFileReference; lastKnownFileType = sourcecode.swift; path = ViewController.swift; sourceTree = "<group>"; };
		99A8CCFD2748A1DE00D6CDA4 /* Base */ = {isa = PBXFileReference; lastKnownFileType = file.storyboard; name = Base; path = Base.lproj/Main.storyboard; sourceTree = "<group>"; };
		99A8CCFF2748A1DF00D6CDA4 /* Assets.xcassets */ = {isa = PBXFileReference; lastKnownFileType = folder.assetcatalog; path = Assets.xcassets; sourceTree = "<group>"; };
		99A8CD022748A1DF00D6CDA4 /* Base */ = {isa = PBXFileReference; lastKnownFileType = file.storyboard; name = Base; path = Base.lproj/LaunchScreen.storyboard; sourceTree = "<group>"; };
		99A8CD042748A1DF00D6CDA4 /* Info.plist */ = {isa = PBXFileReference; lastKnownFileType = text.plist.xml; path = Info.plist; sourceTree = "<group>"; };
		99A8CD0B2748B00E00D6CDA4 /* foodNameTableViewCell.swift */ = {isa = PBXFileReference; lastKnownFileType = sourcecode.swift; path = foodNameTableViewCell.swift; sourceTree = "<group>"; };
		99A8CD0C2748B00E00D6CDA4 /* foodNameTableViewCell.xib */ = {isa = PBXFileReference; lastKnownFileType = file.xib; path = foodNameTableViewCell.xib; sourceTree = "<group>"; };
		99A8CD0F2748B01F00D6CDA4 /* pickUpTableViewCell.swift */ = {isa = PBXFileReference; lastKnownFileType = sourcecode.swift; path = pickUpTableViewCell.swift; sourceTree = "<group>"; };
		99A8CD102748B01F00D6CDA4 /* pickUpTableViewCell.xib */ = {isa = PBXFileReference; lastKnownFileType = file.xib; path = pickUpTableViewCell.xib; sourceTree = "<group>"; };
		99A8CD132748B02D00D6CDA4 /* foodDetailTableViewCell.swift */ = {isa = PBXFileReference; lastKnownFileType = sourcecode.swift; path = foodDetailTableViewCell.swift; sourceTree = "<group>"; };
		99A8CD142748B02D00D6CDA4 /* foodDetailTableViewCell.xib */ = {isa = PBXFileReference; lastKnownFileType = file.xib; path = foodDetailTableViewCell.xib; sourceTree = "<group>"; };
		99A8CD182748B04300D6CDA4 /* moreTableViewCell.swift */ = {isa = PBXFileReference; lastKnownFileType = sourcecode.swift; path = moreTableViewCell.swift; sourceTree = "<group>"; };
		99A8CD192748B04300D6CDA4 /* moreTableViewCell.xib */ = {isa = PBXFileReference; lastKnownFileType = file.xib; path = moreTableViewCell.xib; sourceTree = "<group>"; };
		99A8CD1C2748B05200D6CDA4 /* totalPriceTableViewCell.swift */ = {isa = PBXFileReference; lastKnownFileType = sourcecode.swift; path = totalPriceTableViewCell.swift; sourceTree = "<group>"; };
		99A8CD1D2748B05200D6CDA4 /* totalPriceTableViewCell.xib */ = {isa = PBXFileReference; lastKnownFileType = file.xib; path = totalPriceTableViewCell.xib; sourceTree = "<group>"; };
		99A8CD202748B5D300D6CDA4 /* contourTableViewCell.swift */ = {isa = PBXFileReference; lastKnownFileType = sourcecode.swift; path = contourTableViewCell.swift; sourceTree = "<group>"; };
		99A8CD212748B5D300D6CDA4 /* contourTableViewCell.xib */ = {isa = PBXFileReference; lastKnownFileType = file.xib; path = contourTableViewCell.xib; sourceTree = "<group>"; };
/* End PBXFileReference section */

/* Begin PBXFrameworksBuildPhase section */
		99A8CCF02748A1DD00D6CDA4 /* Frameworks */ = {
			isa = PBXFrameworksBuildPhase;
			buildActionMask = 2147483647;
			files = (
			);
			runOnlyForDeploymentPostprocessing = 0;
		};
/* End PBXFrameworksBuildPhase section */

/* Begin PBXGroup section */
		99A8CCEA2748A1DD00D6CDA4 = {
			isa = PBXGroup;
			children = (
				99A8CCF52748A1DE00D6CDA4 /* UIWithTableview */,
				99A8CCF42748A1DE00D6CDA4 /* Products */,
			);
			sourceTree = "<group>";
		};
		99A8CCF42748A1DE00D6CDA4 /* Products */ = {
			isa = PBXGroup;
			children = (
				99A8CCF32748A1DD00D6CDA4 /* UIWithTableview.app */,
			);
			name = Products;
			sourceTree = "<group>";
		};
		99A8CCF52748A1DE00D6CDA4 /* UIWithTableview */ = {
			isa = PBXGroup;
			children = (
				99A8CD0A2748AFBC00D6CDA4 /* TableViewCell */,
				99A8CCF62748A1DE00D6CDA4 /* AppDelegate.swift */,
				99A8CCF82748A1DE00D6CDA4 /* SceneDelegate.swift */,
				99A8CCFA2748A1DE00D6CDA4 /* ViewController.swift */,
				99A8CCFC2748A1DE00D6CDA4 /* Main.storyboard */,
				99A8CCFF2748A1DF00D6CDA4 /* Assets.xcassets */,
				99A8CD012748A1DF00D6CDA4 /* LaunchScreen.storyboard */,
				99A8CD042748A1DF00D6CDA4 /* Info.plist */,
			);
			path = UIWithTableview;
			sourceTree = "<group>";
		};
		99A8CD0A2748AFBC00D6CDA4 /* TableViewCell */ = {
			isa = PBXGroup;
			children = (
				99A8CD0B2748B00E00D6CDA4 /* foodNameTableViewCell.swift */,
				99A8CD0C2748B00E00D6CDA4 /* foodNameTableViewCell.xib */,
				99A8CD0F2748B01F00D6CDA4 /* pickUpTableViewCell.swift */,
				99A8CD102748B01F00D6CDA4 /* pickUpTableViewCell.xib */,
				99A8CD132748B02D00D6CDA4 /* foodDetailTableViewCell.swift */,
				99A8CD142748B02D00D6CDA4 /* foodDetailTableViewCell.xib */,
				99A8CD182748B04300D6CDA4 /* moreTableViewCell.swift */,
				99A8CD192748B04300D6CDA4 /* moreTableViewCell.xib */,
				99A8CD1C2748B05200D6CDA4 /* totalPriceTableViewCell.swift */,
				99A8CD1D2748B05200D6CDA4 /* totalPriceTableViewCell.xib */,
				99A8CD202748B5D300D6CDA4 /* contourTableViewCell.swift */,
				99A8CD212748B5D300D6CDA4 /* contourTableViewCell.xib */,
			);
			path = TableViewCell;
			sourceTree = "<group>";
		};
/* End PBXGroup section */

/* Begin PBXNativeTarget section */
		99A8CCF22748A1DD00D6CDA4 /* UIWithTableview */ = {
			isa = PBXNativeTarget;
			buildConfigurationList = 99A8CD072748A1DF00D6CDA4 /* Build configuration list for PBXNativeTarget "UIWithTableview" */;
			buildPhases = (
				99A8CCEF2748A1DD00D6CDA4 /* Sources */,
				99A8CCF02748A1DD00D6CDA4 /* Frameworks */,
				99A8CCF12748A1DD00D6CDA4 /* Resources */,
			);
			buildRules = (
			);
			dependencies = (
			);
			name = UIWithTableview;
			productName = UIWithTableview;
			productReference = 99A8CCF32748A1DD00D6CDA4 /* UIWithTableview.app */;
			productType = "com.apple.product-type.application";
		};
/* End PBXNativeTarget section */

/* Begin PBXProject section */
		99A8CCEB2748A1DD00D6CDA4 /* Project object */ = {
			isa = PBXProject;
			attributes = {
				BuildIndependentTargetsInParallel = 1;
				LastSwiftUpdateCheck = 1310;
				LastUpgradeCheck = 1310;
				TargetAttributes = {
					99A8CCF22748A1DD00D6CDA4 = {
						CreatedOnToolsVersion = 13.1;
					};
				};
			};
			buildConfigurationList = 99A8CCEE2748A1DD00D6CDA4 /* Build configuration list for PBXProject "UIWithTableview" */;
			compatibilityVersion = "Xcode 13.0";
			developmentRegion = en;
			hasScannedForEncodings = 0;
			knownRegions = (
				en,
				Base,
			);
			mainGroup = 99A8CCEA2748A1DD00D6CDA4;
			productRefGroup = 99A8CCF42748A1DE00D6CDA4 /* Products */;
			projectDirPath = "";
			projectRoot = "";
			targets = (
				99A8CCF22748A1DD00D6CDA4 /* UIWithTableview */,
			);
		};
/* End PBXProject section */

/* Begin PBXResourcesBuildPhase section */
		99A8CCF12748A1DD00D6CDA4 /* Resources */ = {
			isa = PBXResourcesBuildPhase;
			buildActionMask = 2147483647;
			files = (
				99A8CD032748A1DF00D6CDA4 /* LaunchScreen.storyboard in Resources */,
				99A8CD1B2748B04300D6CDA4 /* moreTableViewCell.xib in Resources */,
				99A8CD232748B5D300D6CDA4 /* contourTableViewCell.xib in Resources */,
				99A8CD002748A1DF00D6CDA4 /* Assets.xcassets in Resources */,
				99A8CD0E2748B00E00D6CDA4 /* foodNameTableViewCell.xib in Resources */,
				99A8CCFE2748A1DE00D6CDA4 /* Main.storyboard in Resources */,
				99A8CD162748B02D00D6CDA4 /* foodDetailTableViewCell.xib in Resources */,
				99A8CD1F2748B05200D6CDA4 /* totalPriceTableViewCell.xib in Resources */,
				99A8CD122748B01F00D6CDA4 /* pickUpTableViewCell.xib in Resources */,
			);
			runOnlyForDeploymentPostprocessing = 0;
		};
/* End PBXResourcesBuildPhase section */

/* Begin PBXSourcesBuildPhase section */
		99A8CCEF2748A1DD00D6CDA4 /* Sources */ = {
			isa = PBXSourcesBuildPhase;
			buildActionMask = 2147483647;
			files = (
				99A8CD1A2748B04300D6CDA4 /* moreTableViewCell.swift in Sources */,
				99A8CD152748B02D00D6CDA4 /* foodDetailTableViewCell.swift in Sources */,
				99A8CD1E2748B05200D6CDA4 /* totalPriceTableViewCell.swift in Sources */,
				99A8CD222748B5D300D6CDA4 /* contourTableViewCell.swift in Sources */,
				99A8CCFB2748A1DE00D6CDA4 /* ViewController.swift in Sources */,
				99A8CCF72748A1DE00D6CDA4 /* AppDelegate.swift in Sources */,
				99A8CD0D2748B00E00D6CDA4 /* foodNameTableViewCell.swift in Sources */,
				99A8CCF92748A1DE00D6CDA4 /* SceneDelegate.swift in Sources */,
				99A8CD112748B01F00D6CDA4 /* pickUpTableViewCell.swift in Sources */,
			);
			runOnlyForDeploymentPostprocessing = 0;
		};
/* End PBXSourcesBuildPhase section */

/* Begin PBXVariantGroup section */
		99A8CCFC2748A1DE00D6CDA4 /* Main.storyboard */ = {
			isa = PBXVariantGroup;
			children = (
				99A8CCFD2748A1DE00D6CDA4 /* Base */,
			);
			name = Main.storyboard;
			sourceTree = "<group>";
		};
		99A8CD012748A1DF00D6CDA4 /* LaunchScreen.storyboard */ = {
			isa = PBXVariantGroup;
			children = (
				99A8CD022748A1DF00D6CDA4 /* Base */,
			);
			name = LaunchScreen.storyboard;
			sourceTree = "<group>";
		};
/* End PBXVariantGroup section */

/* Begin XCBuildConfiguration section */
		99A8CD052748A1DF00D6CDA4 /* Debug */ = {
			isa = XCBuildConfiguration;
			buildSettings = {
				ALWAYS_SEARCH_USER_PATHS = NO;
				CLANG_ANALYZER_NONNULL = YES;
				CLANG_ANALYZER_NUMBER_OBJECT_CONVERSION = YES_AGGRESSIVE;
				CLANG_CXX_LANGUAGE_STANDARD = "gnu++17";
				CLANG_CXX_LIBRARY = "libc++";
				CLANG_ENABLE_MODULES = YES;
				CLANG_ENABLE_OBJC_ARC = YES;
				CLANG_ENABLE_OBJC_WEAK = YES;
				CLANG_WARN_BLOCK_CAPTURE_AUTORELEASING = YES;
				CLANG_WARN_BOOL_CONVERSION = YES;
				CLANG_WARN_COMMA = YES;
				CLANG_WARN_CONSTANT_CONVERSION = YES;
				CLANG_WARN_DEPRECATED_OBJC_IMPLEMENTATIONS = YES;
				CLANG_WARN_DIRECT_OBJC_ISA_USAGE = YES_ERROR;
				CLANG_WARN_DOCUMENTATION_COMMENTS = YES;
				CLANG_WARN_EMPTY_BODY = YES;
				CLANG_WARN_ENUM_CONVERSION = YES;
				CLANG_WARN_INFINITE_RECURSION = YES;
				CLANG_WARN_INT_CONVERSION = YES;
				CLANG_WARN_NON_LITERAL_NULL_CONVERSION = YES;
				CLANG_WARN_OBJC_IMPLICIT_RETAIN_SELF = YES;
				CLANG_WARN_OBJC_LITERAL_CONVERSION = YES;
				CLANG_WARN_OBJC_ROOT_CLASS = YES_ERROR;
				CLANG_WARN_QUOTED_INCLUDE_IN_FRAMEWORK_HEADER = YES;
				CLANG_WARN_RANGE_LOOP_ANALYSIS = YES;
				CLANG_WARN_STRICT_PROTOTYPES = YES;
				CLANG_WARN_SUSPICIOUS_MOVE = YES;
				CLANG_WARN_UNGUARDED_AVAILABILITY = YES_AGGRESSIVE;
				CLANG_WARN_UNREACHABLE_CODE = YES;
				CLANG_WARN__DUPLICATE_METHOD_MATCH = YES;
				COPY_PHASE_STRIP = NO;
				DEBUG_INFORMATION_FORMAT = dwarf;
				ENABLE_STRICT_OBJC_MSGSEND = YES;
				ENABLE_TESTABILITY = YES;
				GCC_C_LANGUAGE_STANDARD = gnu11;
				GCC_DYNAMIC_NO_PIC = NO;
				GCC_NO_COMMON_BLOCKS = YES;
				GCC_OPTIMIZATION_LEVEL = 0;
				GCC_PREPROCESSOR_DEFINITIONS = (
					"DEBUG=1",
					"$(inherited)",
				);
				GCC_WARN_64_TO_32_BIT_CONVERSION = YES;
				GCC_WARN_ABOUT_RETURN_TYPE = YES_ERROR;
				GCC_WARN_UNDECLARED_SELECTOR = YES;
				GCC_WARN_UNINITIALIZED_AUTOS = YES_AGGRESSIVE;
				GCC_WARN_UNUSED_FUNCTION = YES;
				GCC_WARN_UNUSED_VARIABLE = YES;
				IPHONEOS_DEPLOYMENT_TARGET = 15.0;
				MTL_ENABLE_DEBUG_INFO = INCLUDE_SOURCE;
				MTL_FAST_MATH = YES;
				ONLY_ACTIVE_ARCH = YES;
				SDKROOT = iphoneos;
				SWIFT_ACTIVE_COMPILATION_CONDITIONS = DEBUG;
				SWIFT_OPTIMIZATION_LEVEL = "-Onone";
			};
			name = Debug;
		};
		99A8CD062748A1DF00D6CDA4 /* Release */ = {
			isa = XCBuildConfiguration;
			buildSettings = {
				ALWAYS_SEARCH_USER_PATHS = NO;
				CLANG_ANALYZER_NONNULL = YES;
				CLANG_ANALYZER_NUMBER_OBJECT_CONVERSION = YES_AGGRESSIVE;
				CLANG_CXX_LANGUAGE_STANDARD = "gnu++17";
				CLANG_CXX_LIBRARY = "libc++";
				CLANG_ENABLE_MODULES = YES;
				CLANG_ENABLE_OBJC_ARC = YES;
				CLANG_ENABLE_OBJC_WEAK = YES;
				CLANG_WARN_BLOCK_CAPTURE_AUTORELEASING = YES;
				CLANG_WARN_BOOL_CONVERSION = YES;
				CLANG_WARN_COMMA = YES;
				CLANG_WARN_CONSTANT_CONVERSION = YES;
				CLANG_WARN_DEPRECATED_OBJC_IMPLEMENTATIONS = YES;
				CLANG_WARN_DIRECT_OBJC_ISA_USAGE = YES_ERROR;
				CLANG_WARN_DOCUMENTATION_COMMENTS = YES;
				CLANG_WARN_EMPTY_BODY = YES;
				CLANG_WARN_ENUM_CONVERSION = YES;
				CLANG_WARN_INFINITE_RECURSION = YES;
				CLANG_WARN_INT_CONVERSION = YES;
				CLANG_WARN_NON_LITERAL_NULL_CONVERSION = YES;
				CLANG_WARN_OBJC_IMPLICIT_RETAIN_SELF = YES;
				CLANG_WARN_OBJC_LITERAL_CONVERSION = YES;
				CLANG_WARN_OBJC_ROOT_CLASS = YES_ERROR;
				CLANG_WARN_QUOTED_INCLUDE_IN_FRAMEWORK_HEADER = YES;
				CLANG_WARN_RANGE_LOOP_ANALYSIS = YES;
				CLANG_WARN_STRICT_PROTOTYPES = YES;
				CLANG_WARN_SUSPICIOUS_MOVE = YES;
				CLANG_WARN_UNGUARDED_AVAILABILITY = YES_AGGRESSIVE;
				CLANG_WARN_UNREACHABLE_CODE = YES;
				CLANG_WARN__DUPLICATE_METHOD_MATCH = YES;
				COPY_PHASE_STRIP = NO;
				DEBUG_INFORMATION_FORMAT = "dwarf-with-dsym";
				ENABLE_NS_ASSERTIONS = NO;
				ENABLE_STRICT_OBJC_MSGSEND = YES;
				GCC_C_LANGUAGE_STANDARD = gnu11;
				GCC_NO_COMMON_BLOCKS = YES;
				GCC_WARN_64_TO_32_BIT_CONVERSION = YES;
				GCC_WARN_ABOUT_RETURN_TYPE = YES_ERROR;
				GCC_WARN_UNDECLARED_SELECTOR = YES;
				GCC_WARN_UNINITIALIZED_AUTOS = YES_AGGRESSIVE;
				GCC_WARN_UNUSED_FUNCTION = YES;
				GCC_WARN_UNUSED_VARIABLE = YES;
				IPHONEOS_DEPLOYMENT_TARGET = 15.0;
				MTL_ENABLE_DEBUG_INFO = NO;
				MTL_FAST_MATH = YES;
				SDKROOT = iphoneos;
				SWIFT_COMPILATION_MODE = wholemodule;
				SWIFT_OPTIMIZATION_LEVEL = "-O";
				VALIDATE_PRODUCT = YES;
			};
			name = Release;
		};
		99A8CD082748A1DF00D6CDA4 /* Debug */ = {
			isa = XCBuildConfiguration;
			buildSettings = {
				ASSETCATALOG_COMPILER_APPICON_NAME = AppIcon;
				ASSETCATALOG_COMPILER_GLOBAL_ACCENT_COLOR_NAME = AccentColor;
				CODE_SIGN_STYLE = Automatic;
				CURRENT_PROJECT_VERSION = 1;
				DEVELOPMENT_TEAM = JXFMRW69P3;
				GENERATE_INFOPLIST_FILE = YES;
				INFOPLIST_FILE = UIWithTableview/Info.plist;
				INFOPLIST_KEY_UIApplicationSupportsIndirectInputEvents = YES;
				INFOPLIST_KEY_UILaunchStoryboardName = LaunchScreen;
				INFOPLIST_KEY_UIMainStoryboardFile = Main;
				INFOPLIST_KEY_UISupportedInterfaceOrientations_iPad = "UIInterfaceOrientationPortrait UIInterfaceOrientationPortraitUpsideDown UIInterfaceOrientationLandscapeLeft UIInterfaceOrientationLandscapeRight";
				INFOPLIST_KEY_UISupportedInterfaceOrientations_iPhone = "UIInterfaceOrientationPortrait UIInterfaceOrientationLandscapeLeft UIInterfaceOrientationLandscapeRight";
				LD_RUNPATH_SEARCH_PATHS = (
					"$(inherited)",
					"@executable_path/Frameworks",
				);
				MARKETING_VERSION = 1.0;
				PRODUCT_BUNDLE_IDENTIFIER = iOSoo.UIWithTableview;
				PRODUCT_NAME = "$(TARGET_NAME)";
				SWIFT_EMIT_LOC_STRINGS = YES;
				SWIFT_VERSION = 5.0;
				TARGETED_DEVICE_FAMILY = "1,2";
			};
			name = Debug;
		};
		99A8CD092748A1DF00D6CDA4 /* Release */ = {
			isa = XCBuildConfiguration;
			buildSettings = {
				ASSETCATALOG_COMPILER_APPICON_NAME = AppIcon;
				ASSETCATALOG_COMPILER_GLOBAL_ACCENT_COLOR_NAME = AccentColor;
				CODE_SIGN_STYLE = Automatic;
				CURRENT_PROJECT_VERSION = 1;
				DEVELOPMENT_TEAM = JXFMRW69P3;
				GENERATE_INFOPLIST_FILE = YES;
				INFOPLIST_FILE = UIWithTableview/Info.plist;
				INFOPLIST_KEY_UIApplicationSupportsIndirectInputEvents = YES;
				INFOPLIST_KEY_UILaunchStoryboardName = LaunchScreen;
				INFOPLIST_KEY_UIMainStoryboardFile = Main;
				INFOPLIST_KEY_UISupportedInterfaceOrientations_iPad = "UIInterfaceOrientationPortrait UIInterfaceOrientationPortraitUpsideDown UIInterfaceOrientationLandscapeLeft UIInterfaceOrientationLandscapeRight";
				INFOPLIST_KEY_UISupportedInterfaceOrientations_iPhone = "UIInterfaceOrientationPortrait UIInterfaceOrientationLandscapeLeft UIInterfaceOrientationLandscapeRight";
				LD_RUNPATH_SEARCH_PATHS = (
					"$(inherited)",
					"@executable_path/Frameworks",
				);
				MARKETING_VERSION = 1.0;
				PRODUCT_BUNDLE_IDENTIFIER = iOSoo.UIWithTableview;
				PRODUCT_NAME = "$(TARGET_NAME)";
				SWIFT_EMIT_LOC_STRINGS = YES;
				SWIFT_VERSION = 5.0;
				TARGETED_DEVICE_FAMILY = "1,2";
			};
			name = Release;
		};
/* End XCBuildConfiguration section */

/* Begin XCConfigurationList section */
		99A8CCEE2748A1DD00D6CDA4 /* Build configuration list for PBXProject "UIWithTableview" */ = {
			isa = XCConfigurationList;
			buildConfigurations = (
				99A8CD052748A1DF00D6CDA4 /* Debug */,
				99A8CD062748A1DF00D6CDA4 /* Release */,
			);
			defaultConfigurationIsVisible = 0;
			defaultConfigurationName = Release;
		};
		99A8CD072748A1DF00D6CDA4 /* Build configuration list for PBXNativeTarget "UIWithTableview" */ = {
			isa = XCConfigurationList;
			buildConfigurations = (
				99A8CD082748A1DF00D6CDA4 /* Debug */,
				99A8CD092748A1DF00D6CDA4 /* Release */,
			);
			defaultConfigurationIsVisible = 0;
			defaultConfigurationName = Release;
		};
/* End XCConfigurationList section */
	};
	rootObject = 99A8CCEB2748A1DD00D6CDA4 /* Project object */;
}
